
Microsoft Visual Studio Solution File, Format Version 12.00
# Visual Studio Version 16
VisualStudioVersion = 16.0.29102.190
MinimumVisualStudioVersion = 10.0.40219.1
Project("{FAE04EC0-301F-11D3-BF4B-00C04F79EFBC}") = "AttendanceManager.Api", "AttendanceManager.Api\AttendanceManager.Api.csproj", "{B2CA4197-5CF8-458C-BB31-AB77125519A3}"
EndProject
Global
	GlobalSection(SolutionConfigurationPlatforms) = preSolution
		Debug|Any CPU = Debug|Any CPU
		Release|Any CPU = Release|Any CPU
	EndGlobalSection
	GlobalSection(ProjectConfigurationPlatforms) = postSolution
		{B2CA4197-5CF8-458C-BB31-AB77125519A3}.Debug|Any CPU.ActiveCfg = Debug|Any CPU
		{B2CA4197-5CF8-458C-BB31-AB77125519A3}.Debug|Any CPU.Build.0 = Debug|Any CPU
		{B2CA4197-5CF8-458C-BB31-AB77125519A3}.Release|Any CPU.ActiveCfg = Release|Any CPU
		{B2CA4197-5CF8-458C-BB31-AB77125519A3}.Release|Any CPU.Build.0 = Release|Any CPU
	EndGlobalSection
	GlobalSection(SolutionProperties) = preSolution
		HideSolutionNode = FALSE
	EndGlobalSection
	GlobalSection(ExtensibilityGlobals) = postSolution
		SolutionGuid = {7E1DFD50-BD80-4307-9A52-0B111C16CF5E}
	EndGlobalSection
EndGlobal
